
Microsoft Visual Studio Solution File, Format Version 12.00
# Visual Studio Version 17
VisualStudioVersion = 17.14.36310.24
MinimumVisualStudioVersion = 10.0.40219.1
Project("{FAE04EC0-301F-11D3-BF4B-00C04F79EFBC}") = "Operators", "Operators\Operators.csproj", "{307D6C9B-3F09-4A6F-9BAB-88DDD39A5FDC}"
EndProject
Project("{FAE04EC0-301F-11D3-BF4B-00C04F79EFBC}") = "BooleanOperators", "BooleanOperators\BooleanOperators.csproj", "{E6276E02-1B0E-4166-863B-964CA22A6455}"
EndProject
Project("{FAE04EC0-301F-11D3-BF4B-00C04F79EFBC}") = "BitwiseAndShiftOperators", "BitwiseAndShiftOperators\BitwiseAndShiftOperators.csproj", "{AAD1C047-8066-4257-85E8-78EF43D98839}"
EndProject
Project("{FAE04EC0-301F-11D3-BF4B-00C04F79EFBC}") = "SelectionStatements", "SelectionStatements\SelectionStatements.csproj", "{69E48DD5-E92A-41A7-8569-B48AB2B07725}"
EndProject
Project("{FAE04EC0-301F-11D3-BF4B-00C04F79EFBC}") = "IterationStatements", "IterationStatements\IterationStatements.csproj", "{FEA5E820-75ED-4022-9889-DF22BDCBDD0B}"
EndProject
Project("{FAE04EC0-301F-11D3-BF4B-00C04F79EFBC}") = "CastingConverting", "CastingConverting\CastingConverting.csproj", "{A532114A-BCD5-47A4-93A9-A9AB50B736E3}"
EndProject
Project("{FAE04EC0-301F-11D3-BF4B-00C04F79EFBC}") = "HandlingExceptions", "HandlingExceptions\HandlingExceptions.csproj", "{46504F37-7C41-46F1-A965-BD423AAB633D}"
EndProject
Project("{FAE04EC0-301F-11D3-BF4B-00C04F79EFBC}") = "CheckingForOverflow", "CheckingForOverflow\CheckingForOverflow.csproj", "{4F2B918B-7532-4D49-9886-ED90D5D4E1C7}"
EndProject
Project("{FAE04EC0-301F-11D3-BF4B-00C04F79EFBC}") = "Exercise02", "Exercise02\Exercise02.csproj", "{D118AD42-DFD5-4562-B4F6-E8830E0DE16A}"
EndProject
Project("{FAE04EC0-301F-11D3-BF4B-00C04F79EFBC}") = "Exercise03", "Exercise03\Exercise03.csproj", "{BEB1B8E1-D439-4C82-8BC5-A9757E7249B2}"
EndProject
Project("{FAE04EC0-301F-11D3-BF4B-00C04F79EFBC}") = "Exercise04", "Exercise04\Exercise04.csproj", "{5E860333-630F-418E-B413-53EA28E714B4}"
EndProject
Global
	GlobalSection(SolutionConfigurationPlatforms) = preSolution
		Debug|Any CPU = Debug|Any CPU
		Release|Any CPU = Release|Any CPU
	EndGlobalSection
	GlobalSection(ProjectConfigurationPlatforms) = postSolution
		{307D6C9B-3F09-4A6F-9BAB-88DDD39A5FDC}.Debug|Any CPU.ActiveCfg = Debug|Any CPU
		{307D6C9B-3F09-4A6F-9BAB-88DDD39A5FDC}.Debug|Any CPU.Build.0 = Debug|Any CPU
		{307D6C9B-3F09-4A6F-9BAB-88DDD39A5FDC}.Release|Any CPU.ActiveCfg = Release|Any CPU
		{307D6C9B-3F09-4A6F-9BAB-88DDD39A5FDC}.Release|Any CPU.Build.0 = Release|Any CPU
		{E6276E02-1B0E-4166-863B-964CA22A6455}.Debug|Any CPU.ActiveCfg = Debug|Any CPU
		{E6276E02-1B0E-4166-863B-964CA22A6455}.Debug|Any CPU.Build.0 = Debug|Any CPU
		{E6276E02-1B0E-4166-863B-964CA22A6455}.Release|Any CPU.ActiveCfg = Release|Any CPU
		{E6276E02-1B0E-4166-863B-964CA22A6455}.Release|Any CPU.Build.0 = Release|Any CPU
		{AAD1C047-8066-4257-85E8-78EF43D98839}.Debug|Any CPU.ActiveCfg = Debug|Any CPU
		{AAD1C047-8066-4257-85E8-78EF43D98839}.Debug|Any CPU.Build.0 = Debug|Any CPU
		{AAD1C047-8066-4257-85E8-78EF43D98839}.Release|Any CPU.ActiveCfg = Release|Any CPU
		{AAD1C047-8066-4257-85E8-78EF43D98839}.Release|Any CPU.Build.0 = Release|Any CPU
		{69E48DD5-E92A-41A7-8569-B48AB2B07725}.Debug|Any CPU.ActiveCfg = Debug|Any CPU
		{69E48DD5-E92A-41A7-8569-B48AB2B07725}.Debug|Any CPU.Build.0 = Debug|Any CPU
		{69E48DD5-E92A-41A7-8569-B48AB2B07725}.Release|Any CPU.ActiveCfg = Release|Any CPU
		{69E48DD5-E92A-41A7-8569-B48AB2B07725}.Release|Any CPU.Build.0 = Release|Any CPU
		{FEA5E820-75ED-4022-9889-DF22BDCBDD0B}.Debug|Any CPU.ActiveCfg = Debug|Any CPU
		{FEA5E820-75ED-4022-9889-DF22BDCBDD0B}.Debug|Any CPU.Build.0 = Debug|Any CPU
		{FEA5E820-75ED-4022-9889-DF22BDCBDD0B}.Release|Any CPU.ActiveCfg = Release|Any CPU
		{FEA5E820-75ED-4022-9889-DF22BDCBDD0B}.Release|Any CPU.Build.0 = Release|Any CPU
		{A532114A-BCD5-47A4-93A9-A9AB50B736E3}.Debug|Any CPU.ActiveCfg = Debug|Any CPU
		{A532114A-BCD5-47A4-93A9-A9AB50B736E3}.Debug|Any CPU.Build.0 = Debug|Any CPU
		{A532114A-BCD5-47A4-93A9-A9AB50B736E3}.Release|Any CPU.ActiveCfg = Release|Any CPU
		{A532114A-BCD5-47A4-93A9-A9AB50B736E3}.Release|Any CPU.Build.0 = Release|Any CPU
		{46504F37-7C41-46F1-A965-BD423AAB633D}.Debug|Any CPU.ActiveCfg = Debug|Any CPU
		{46504F37-7C41-46F1-A965-BD423AAB633D}.Debug|Any CPU.Build.0 = Debug|Any CPU
		{46504F37-7C41-46F1-A965-BD423AAB633D}.Release|Any CPU.ActiveCfg = Release|Any CPU
		{46504F37-7C41-46F1-A965-BD423AAB633D}.Release|Any CPU.Build.0 = Release|Any CPU
		{4F2B918B-7532-4D49-9886-ED90D5D4E1C7}.Debug|Any CPU.ActiveCfg = Debug|Any CPU
		{4F2B918B-7532-4D49-9886-ED90D5D4E1C7}.Debug|Any CPU.Build.0 = Debug|Any CPU
		{4F2B918B-7532-4D49-9886-ED90D5D4E1C7}.Release|Any CPU.ActiveCfg = Release|Any CPU
		{4F2B918B-7532-4D49-9886-ED90D5D4E1C7}.Release|Any CPU.Build.0 = Release|Any CPU
		{D118AD42-DFD5-4562-B4F6-E8830E0DE16A}.Debug|Any CPU.ActiveCfg = Debug|Any CPU
		{D118AD42-DFD5-4562-B4F6-E8830E0DE16A}.Debug|Any CPU.Build.0 = Debug|Any CPU
		{D118AD42-DFD5-4562-B4F6-E8830E0DE16A}.Release|Any CPU.ActiveCfg = Release|Any CPU
		{D118AD42-DFD5-4562-B4F6-E8830E0DE16A}.Release|Any CPU.Build.0 = Release|Any CPU
		{BEB1B8E1-D439-4C82-8BC5-A9757E7249B2}.Debug|Any CPU.ActiveCfg = Debug|Any CPU
		{BEB1B8E1-D439-4C82-8BC5-A9757E7249B2}.Debug|Any CPU.Build.0 = Debug|Any CPU
		{BEB1B8E1-D439-4C82-8BC5-A9757E7249B2}.Release|Any CPU.ActiveCfg = Release|Any CPU
		{BEB1B8E1-D439-4C82-8BC5-A9757E7249B2}.Release|Any CPU.Build.0 = Release|Any CPU
		{5E860333-630F-418E-B413-53EA28E714B4}.Debug|Any CPU.ActiveCfg = Debug|Any CPU
		{5E860333-630F-418E-B413-53EA28E714B4}.Debug|Any CPU.Build.0 = Debug|Any CPU
		{5E860333-630F-418E-B413-53EA28E714B4}.Release|Any CPU.ActiveCfg = Release|Any CPU
		{5E860333-630F-418E-B413-53EA28E714B4}.Release|Any CPU.Build.0 = Release|Any CPU
	EndGlobalSection
	GlobalSection(SolutionProperties) = preSolution
		HideSolutionNode = FALSE
	EndGlobalSection
	GlobalSection(ExtensibilityGlobals) = postSolution
		SolutionGuid = {BAC77AD0-7A8D-48F4-8C74-562F8BD58046}
	EndGlobalSection
EndGlobal
